{
  "name": "monlite-examples",
  "lockfileVersion": 3,
  "requires": true,
  "packages": {
    "": {
      "name": "monlite-examples",
      "dependencies": {
        "@monlite/core": "^1.4.0",
        "@monlite/cron": "^0.1.0",
        "@monlite/fts": "^0.1.2",
        "@monlite/kv": "^0.1.0",
        "@monlite/queue": "^0.1.0",
        "@monlite/sync": "^1.0.0",
        "@monlite/vector": "^0.2.0",
        "@monlite/wasm": "^0.1.0",
        "sql.js": "^1.14.1"
      }
    },
    "node_modules/@monlite/core": {
      "version": "1.4.0",
      "resolved": "https://registry.npmjs.org/@monlite/core/-/core-1.4.0.tgz",
      "integrity": "sha512-tI0Db4vAZ23j/x42Uz2BtVMiZu7p1H0bjTS3Gn1MkgONgf9Uptf6b4GeEHuoZkTnJCtJ3+A/YIt1rJVODZoe8Q==",
      "license": "MIT",
      "engines": {
        "node": ">=18"
      },
      "peerDependencies": {
        "better-sqlite3": ">=9",
        "better-sqlite3-multiple-ciphers": ">=9"
      },
      "peerDependenciesMeta": {
        "better-sqlite3": {
          "optional": true
        },
        "better-sqlite3-multiple-ciphers": {
          "optional": true
        }
      }
    },
    "node_modules/@monlite/cron": {
      "version": "0.1.0",
      "resolved": "https://registry.npmjs.org/@monlite/cron/-/cron-0.1.0.tgz",
      "integrity": "sha512-YquBQ+XGQJolRVOWasBBVeUMMCltleWo+qUnTK+WMTA3Wr5qHWwzj27rGKlOI9Hps6iogzod8Sq2q+ZJdnTlNw==",
      "license": "MIT",
      "dependencies": {
        "@monlite/core": "^1.0.0"
      },
      "engines": {
        "node": ">=18"
      }
    },
    "node_modules/@monlite/fts": {
      "version": "0.1.2",
      "resolved": "https://registry.npmjs.org/@monlite/fts/-/fts-0.1.2.tgz",
      "integrity": "sha512-XbtiuZvr7TQTllk3rJhf0+RTNw0UNpPDcTzP6Wji5UcpIGU1x2t8i6ZeL4vwbdPDtKHKLw9EgqOD3aIBixMuRQ==",
      "license": "MIT",
      "dependencies": {
        "@monlite/core": "^1.0.0"
      },
      "engines": {
        "node": ">=18"
      }
    },
    "node_modules/@monlite/kv": {
      "version": "0.1.0",
      "resolved": "https://registry.npmjs.org/@monlite/kv/-/kv-0.1.0.tgz",
      "integrity": "sha512-7lSYAGc2thlyD0ConswgvDc08TnSdnRmK7umD+Bxn6bxScf+PcxQjPLUQz5ilZIM/mOMFt+iz0UE0V7/ZDPZqQ==",
      "license": "MIT",
      "dependencies": {
        "@monlite/core": "^1.0.0"
      },
      "engines": {
        "node": ">=18"
      }
    },
    "node_modules/@monlite/queue": {
      "version": "0.1.0",
      "resolved": "https://registry.npmjs.org/@monlite/queue/-/queue-0.1.0.tgz",
      "integrity": "sha512-Dyjt1sgN8xw1YVCQM65f9aR/Xez5hVZuW1gn7IiwvyPAx620hC4r00RlDwkIkH0JEEnkNPpL4PLTa8bJndt75Q==",
      "license": "MIT",
      "dependencies": {
        "@monlite/core": "^1.0.0"
      },
      "engines": {
        "node": ">=18"
      }
    },
    "node_modules/@monlite/sync": {
      "version": "1.0.0",
      "resolved": "https://registry.npmjs.org/@monlite/sync/-/sync-1.0.0.tgz",
      "integrity": "sha512-Ll+b4/wC9KTQoPeIZj/n+PIfHnRiwZIdjNsvD8dfsstPIv4Ksm0WBA1uM/y8yEQfDfEWXo3ssCYbe5Yqf36uhg==",
      "license": "MIT",
      "dependencies": {
        "@monlite/core": "^1.0.0"
      },
      "engines": {
        "node": ">=18"
      },
      "peerDependencies": {
        "mongodb": ">=5"
      },
      "peerDependenciesMeta": {
        "mongodb": {
          "optional": true
        }
      }
    },
    "node_modules/@monlite/vector": {
      "version": "0.2.0",
      "resolved": "https://registry.npmjs.org/@monlite/vector/-/vector-0.2.0.tgz",
      "integrity": "sha512-2FAGhxhhGFt76UAOIKMljWnDf3O9AUbzc2gUNgN1rkkTU6/7wHn8/JQvzn6C4Eg3SaEp8p5gFNhbQ/C6Qa/l8w==",
      "license": "MIT",
      "dependencies": {
        "@monlite/core": "^1.0.0",
        "sqlite-vec": "^0.1.6"
      },
      "engines": {
        "node": ">=18"
      }
    },
    "node_modules/@monlite/wasm": {
      "version": "0.1.0",
      "resolved": "https://registry.npmjs.org/@monlite/wasm/-/wasm-0.1.0.tgz",
      "integrity": "sha512-1zUw6tKz7UjXV3V0+16V9SZwg4xe1E+4tI5yzT7ThmXtiveOAfeH3+ZMjeObXZGeMhSdkYrj0HIwOhAp18aJVA==",
      "license": "MIT",
      "dependencies": {
        "@monlite/core": "^1.3.0"
      },
      "engines": {
        "node": ">=18"
      },
      "peerDependencies": {
        "sql.js": ">=1.8"
      },
      "peerDependenciesMeta": {
        "sql.js": {
          "optional": true
        }
      }
    },
    "node_modules/sql.js": {
      "version": "1.14.1",
      "resolved": "https://registry.npmjs.org/sql.js/-/sql.js-1.14.1.tgz",
      "integrity": "sha512-gcj8zBWU5cFsi9WUP+4bFNXAyF1iRpA3LLyS/DP5xlrNzGmPIizUeBggKa8DbDwdqaKwUcTEnChtd2grWo/x/A==",
      "license": "MIT"
    },
    "node_modules/sqlite-vec": {
      "version": "0.1.9",
      "resolved": "https://registry.npmjs.org/sqlite-vec/-/sqlite-vec-0.1.9.tgz",
      "integrity": "sha512-L7XJWRIBNvR9O5+vh1FQ+IGkh/3D2AzVksW5gdtk28m78Hy8skFD0pqReKH1Yp0/BUKRGcffgKvyO/EON5JXpA==",
      "license": "MIT OR Apache",
      "optionalDependencies": {
        "sqlite-vec-darwin-arm64": "0.1.9",
        "sqlite-vec-darwin-x64": "0.1.9",
        "sqlite-vec-linux-arm64": "0.1.9",
        "sqlite-vec-linux-x64": "0.1.9",
        "sqlite-vec-windows-x64": "0.1.9"
      }
    },
    "node_modules/sqlite-vec-darwin-arm64": {
      "version": "0.1.9",
      "resolved": "https://registry.npmjs.org/sqlite-vec-darwin-arm64/-/sqlite-vec-darwin-arm64-0.1.9.tgz",
      "integrity": "sha512-jSsZpE42OfBkGL/ItyJTVCUwl6o6Ka3U5rc4j+UBDIQzC1ulSSKMEhQLthsOnF/MdAf1MuAkYhkdKmmcjaIZQg==",
      "cpu": [
        "arm64"
      ],
      "license": "MIT OR Apache",
      "optional": true,
      "os": [
        "darwin"
      ]
    },
    "node_modules/sqlite-vec-darwin-x64": {
      "version": "0.1.9",
      "resolved": "https://registry.npmjs.org/sqlite-vec-darwin-x64/-/sqlite-vec-darwin-x64-0.1.9.tgz",
      "integrity": "sha512-KDlVyqQT7pnOhU1ymB9gs7dMbSoVmKHitT+k1/xkjarcX8bBqPxWrGlK/R+C5WmWkfvWwyq5FfXfiBYCBs6PlA==",
      "cpu": [
        "x64"
      ],
      "license": "MIT OR Apache",
      "optional": true,
      "os": [
        "darwin"
      ]
    },
    "node_modules/sqlite-vec-linux-arm64": {
      "version": "0.1.9",
      "resolved": "https://registry.npmjs.org/sqlite-vec-linux-arm64/-/sqlite-vec-linux-arm64-0.1.9.tgz",
      "integrity": "sha512-5wXVJ9c9kR4CHm/wVqXb/R+XUHTdpZ4nWbPHlS+gc9qQFVHs92Km4bPnCKX4rtcPMzvNis+SIzMJR1SCEwpuUw==",
      "cpu": [
        "arm64"
      ],
      "license": "MIT OR Apache",
      "optional": true,
      "os": [
        "linux"
      ]
    },
    "node_modules/sqlite-vec-linux-x64": {
      "version": "0.1.9",
      "resolved": "https://registry.npmjs.org/sqlite-vec-linux-x64/-/sqlite-vec-linux-x64-0.1.9.tgz",
      "integrity": "sha512-w3tCH8xK2finW8fQJ/m8uqKodXUZ9KAuAar2UIhz4BHILfpE0WM/MTGCRfa7RjYbrYim5Luk3guvMOGI7T7JQA==",
      "cpu": [
        "x64"
      ],
      "license": "MIT OR Apache",
      "optional": true,
      "os": [
        "linux"
      ]
    },
    "node_modules/sqlite-vec-windows-x64": {
      "version": "0.1.9",
      "resolved": "https://registry.npmjs.org/sqlite-vec-windows-x64/-/sqlite-vec-windows-x64-0.1.9.tgz",
      "integrity": "sha512-y3gEIyy/17bq2QFPQOWLE68TYWcRZkBQVA2XLrTPHNTOp55xJi/BBBmOm40tVMDMjtP+Elpk6UBUXdaq+46b0Q==",
      "cpu": [
        "x64"
      ],
      "license": "MIT OR Apache",
      "optional": true,
      "os": [
        "win32"
      ]
    }
  }
}
